
Microsoft Visual Studio Solution File, Format Version 12.00
# Visual Studio 2013
VisualStudioVersion = 12.0.31101.0
MinimumVisualStudioVersion = 10.0.40219.1
Project("{E24C65DC-7377-472B-9ABA-BC803B73C61A}") = "BlenderImport", "http://localhost:56618", "{E762F4B6-BD96-4684-BC0F-A0F04AFE0F65}"
	ProjectSection(WebsiteProperties) = preProject
		UseIISExpress = "true"
		TargetFrameworkMoniker = ".NETFramework,Version%3Dv4.5"
		Debug.AspNetCompiler.VirtualPath = "/localhost_56618"
		Debug.AspNetCompiler.PhysicalPath = "..\..\WebSites\BlenderImport\"
		Debug.AspNetCompiler.TargetPath = "PrecompiledWeb\localhost_56618\"
		Debug.AspNetCompiler.Updateable = "true"
		Debug.AspNetCompiler.ForceOverwrite = "true"
		Debug.AspNetCompiler.FixedNames = "false"
		Debug.AspNetCompiler.Debug = "True"
		Release.AspNetCompiler.VirtualPath = "/localhost_56618"
		Release.AspNetCompiler.PhysicalPath = "..\..\WebSites\BlenderImport\"
		Release.AspNetCompiler.TargetPath = "PrecompiledWeb\localhost_56618\"
		Release.AspNetCompiler.Updateable = "true"
		Release.AspNetCompiler.ForceOverwrite = "true"
		Release.AspNetCompiler.FixedNames = "false"
		Release.AspNetCompiler.Debug = "False"
		SlnRelativePath = "..\..\WebSites\BlenderImport\"
		DefaultWebSiteLanguage = "Visual Basic"
	EndProjectSection
EndProject
Global
	GlobalSection(SolutionConfigurationPlatforms) = preSolution
		Debug|Any CPU = Debug|Any CPU
	EndGlobalSection
	GlobalSection(ProjectConfigurationPlatforms) = postSolution
		{E762F4B6-BD96-4684-BC0F-A0F04AFE0F65}.Debug|Any CPU.ActiveCfg = Debug|Any CPU
		{E762F4B6-BD96-4684-BC0F-A0F04AFE0F65}.Debug|Any CPU.Build.0 = Debug|Any CPU
	EndGlobalSection
	GlobalSection(SolutionProperties) = preSolution
		HideSolutionNode = FALSE
	EndGlobalSection
EndGlobal
